
Microsoft Visual Studio Solution File, Format Version 12.00
# Visual Studio Version 17
VisualStudioVersion = 17.13.35825.156 d17.13
MinimumVisualStudioVersion = 10.0.40219.1
Project("{FAE04EC0-301F-11D3-BF4B-00C04F79EFBC}") = "Lens3DWinForms", "Lens3DWinForms.csproj", "{7A8B477D-2571-5329-FA4D-A37FE900BDD1}"
EndProject
Global
	GlobalSection(SolutionConfigurationPlatforms) = preSolution
		Debug|Any CPU = Debug|Any CPU
		Release|Any CPU = Release|Any CPU
	EndGlobalSection
	GlobalSection(ProjectConfigurationPlatforms) = postSolution
		{7A8B477D-2571-5329-FA4D-A37FE900BDD1}.Debug|Any CPU.ActiveCfg = Debug|Any CPU
		{7A8B477D-2571-5329-FA4D-A37FE900BDD1}.Debug|Any CPU.Build.0 = Debug|Any CPU
		{7A8B477D-2571-5329-FA4D-A37FE900BDD1}.Release|Any CPU.ActiveCfg = Release|Any CPU
		{7A8B477D-2571-5329-FA4D-A37FE900BDD1}.Release|Any CPU.Build.0 = Release|Any CPU
	EndGlobalSection
	GlobalSection(SolutionProperties) = preSolution
		HideSolutionNode = FALSE
	EndGlobalSection
	GlobalSection(ExtensibilityGlobals) = postSolution
		SolutionGuid = {2CD8D8BE-EF45-49B2-8F3E-3B6954AEB984}
	EndGlobalSection
EndGlobal
